
Microsoft Visual Studio Solution File, Format Version 12.00
# Visual Studio Version 17
VisualStudioVersion = 17.10.34928.147
MinimumVisualStudioVersion = 10.0.40219.1
Project("{FAE04EC0-301F-11D3-BF4B-00C04F79EFBC}") = "EX1", "EX1\EX1.csproj", "{AAFC03F8-5BF4-4F3F-A4AA-6363EA3554E7}"
EndProject
Project("{FAE04EC0-301F-11D3-BF4B-00C04F79EFBC}") = "EX2", "EX2\EX2.csproj", "{CA75FB0A-8AF3-4327-A7B5-C53364BCAE3D}"
EndProject
Global
	GlobalSection(SolutionConfigurationPlatforms) = preSolution
		Debug|Any CPU = Debug|Any CPU
		Release|Any CPU = Release|Any CPU
	EndGlobalSection
	GlobalSection(ProjectConfigurationPlatforms) = postSolution
		{AAFC03F8-5BF4-4F3F-A4AA-6363EA3554E7}.Debug|Any CPU.ActiveCfg = Debug|Any CPU
		{AAFC03F8-5BF4-4F3F-A4AA-6363EA3554E7}.Debug|Any CPU.Build.0 = Debug|Any CPU
		{AAFC03F8-5BF4-4F3F-A4AA-6363EA3554E7}.Release|Any CPU.ActiveCfg = Release|Any CPU
		{AAFC03F8-5BF4-4F3F-A4AA-6363EA3554E7}.Release|Any CPU.Build.0 = Release|Any CPU
		{CA75FB0A-8AF3-4327-A7B5-C53364BCAE3D}.Debug|Any CPU.ActiveCfg = Debug|Any CPU
		{CA75FB0A-8AF3-4327-A7B5-C53364BCAE3D}.Debug|Any CPU.Build.0 = Debug|Any CPU
		{CA75FB0A-8AF3-4327-A7B5-C53364BCAE3D}.Release|Any CPU.ActiveCfg = Release|Any CPU
		{CA75FB0A-8AF3-4327-A7B5-C53364BCAE3D}.Release|Any CPU.Build.0 = Release|Any CPU
	EndGlobalSection
	GlobalSection(SolutionProperties) = preSolution
		HideSolutionNode = FALSE
	EndGlobalSection
	GlobalSection(ExtensibilityGlobals) = postSolution
		SolutionGuid = {605837EF-FA59-4992-935C-727EB6956EE6}
	EndGlobalSection
EndGlobal
