
Microsoft Visual Studio Solution File, Format Version 12.00
# Visual Studio Version 17
VisualStudioVersion = 17.10.34928.147
MinimumVisualStudioVersion = 10.0.40219.1
Project("{FAE04EC0-301F-11D3-BF4B-00C04F79EFBC}") = "Ex1", "Ex1\Ex1.csproj", "{D0566104-0A51-4DBC-A3EA-A7F4B50B5E32}"
EndProject
Project("{FAE04EC0-301F-11D3-BF4B-00C04F79EFBC}") = "Ex2", "Ex2\Ex2.csproj", "{9CD09E42-B0DA-4BDA-A1ED-0B3DCBCFFA58}"
EndProject
Project("{FAE04EC0-301F-11D3-BF4B-00C04F79EFBC}") = "Ex3", "Ex3\Ex3.csproj", "{ACC1D65B-E3E9-49B1-8FCD-C54D06208F91}"
EndProject
Global
	GlobalSection(SolutionConfigurationPlatforms) = preSolution
		Debug|Any CPU = Debug|Any CPU
		Release|Any CPU = Release|Any CPU
	EndGlobalSection
	GlobalSection(ProjectConfigurationPlatforms) = postSolution
		{D0566104-0A51-4DBC-A3EA-A7F4B50B5E32}.Debug|Any CPU.ActiveCfg = Debug|Any CPU
		{D0566104-0A51-4DBC-A3EA-A7F4B50B5E32}.Debug|Any CPU.Build.0 = Debug|Any CPU
		{D0566104-0A51-4DBC-A3EA-A7F4B50B5E32}.Release|Any CPU.ActiveCfg = Release|Any CPU
		{D0566104-0A51-4DBC-A3EA-A7F4B50B5E32}.Release|Any CPU.Build.0 = Release|Any CPU
		{9CD09E42-B0DA-4BDA-A1ED-0B3DCBCFFA58}.Debug|Any CPU.ActiveCfg = Debug|Any CPU
		{9CD09E42-B0DA-4BDA-A1ED-0B3DCBCFFA58}.Debug|Any CPU.Build.0 = Debug|Any CPU
		{9CD09E42-B0DA-4BDA-A1ED-0B3DCBCFFA58}.Release|Any CPU.ActiveCfg = Release|Any CPU
		{9CD09E42-B0DA-4BDA-A1ED-0B3DCBCFFA58}.Release|Any CPU.Build.0 = Release|Any CPU
		{ACC1D65B-E3E9-49B1-8FCD-C54D06208F91}.Debug|Any CPU.ActiveCfg = Debug|Any CPU
		{ACC1D65B-E3E9-49B1-8FCD-C54D06208F91}.Debug|Any CPU.Build.0 = Debug|Any CPU
		{ACC1D65B-E3E9-49B1-8FCD-C54D06208F91}.Release|Any CPU.ActiveCfg = Release|Any CPU
		{ACC1D65B-E3E9-49B1-8FCD-C54D06208F91}.Release|Any CPU.Build.0 = Release|Any CPU
	EndGlobalSection
	GlobalSection(SolutionProperties) = preSolution
		HideSolutionNode = FALSE
	EndGlobalSection
	GlobalSection(ExtensibilityGlobals) = postSolution
		SolutionGuid = {385EE5D7-6155-4BAD-BDCB-62710303DF78}
	EndGlobalSection
EndGlobal
