
Microsoft Visual Studio Solution File, Format Version 12.00
# Visual Studio Version 17
VisualStudioVersion = 17.10.34928.147
MinimumVisualStudioVersion = 10.0.40219.1
Project("{9A19103F-16F7-4668-BE54-9A1E7A4F7556}") = "Lesson Code", "Lesson Code\Lesson Code.csproj", "{79F52640-B506-443D-B6C1-B0548479F92C}"
EndProject
Project("{FAE04EC0-301F-11D3-BF4B-00C04F79EFBC}") = "HomeWork 25 10 2024", "HomeWork 25 10 2024\HomeWork 25 10 2024.csproj", "{4BF159C4-2E20-4454-9CAA-E5F1FB7E0986}"
EndProject
Global
	GlobalSection(SolutionConfigurationPlatforms) = preSolution
		Debug|Any CPU = Debug|Any CPU
		Release|Any CPU = Release|Any CPU
	EndGlobalSection
	GlobalSection(ProjectConfigurationPlatforms) = postSolution
		{79F52640-B506-443D-B6C1-B0548479F92C}.Debug|Any CPU.ActiveCfg = Debug|Any CPU
		{79F52640-B506-443D-B6C1-B0548479F92C}.Debug|Any CPU.Build.0 = Debug|Any CPU
		{79F52640-B506-443D-B6C1-B0548479F92C}.Release|Any CPU.ActiveCfg = Release|Any CPU
		{79F52640-B506-443D-B6C1-B0548479F92C}.Release|Any CPU.Build.0 = Release|Any CPU
		{4BF159C4-2E20-4454-9CAA-E5F1FB7E0986}.Debug|Any CPU.ActiveCfg = Debug|Any CPU
		{4BF159C4-2E20-4454-9CAA-E5F1FB7E0986}.Debug|Any CPU.Build.0 = Debug|Any CPU
		{4BF159C4-2E20-4454-9CAA-E5F1FB7E0986}.Release|Any CPU.ActiveCfg = Release|Any CPU
		{4BF159C4-2E20-4454-9CAA-E5F1FB7E0986}.Release|Any CPU.Build.0 = Release|Any CPU
	EndGlobalSection
	GlobalSection(SolutionProperties) = preSolution
		HideSolutionNode = FALSE
	EndGlobalSection
	GlobalSection(ExtensibilityGlobals) = postSolution
		SolutionGuid = {CC47528F-1C72-42E2-AB67-8C32460CF646}
	EndGlobalSection
EndGlobal
