
Microsoft Visual Studio Solution File, Format Version 12.00
# Visual Studio Version 17
VisualStudioVersion = 17.10.34928.147
MinimumVisualStudioVersion = 10.0.40219.1
Project("{FAE04EC0-301F-11D3-BF4B-00C04F79EFBC}") = "Graph", "Graph\Graph.csproj", "{3173A6F9-1092-41AE-B9AB-C7902F1DF23D}"
EndProject
Project("{FAE04EC0-301F-11D3-BF4B-00C04F79EFBC}") = "BinaryTree", "BinaryTree\BinaryTree.csproj", "{6EBAD3DD-C0ED-4312-B5EB-E29E19796E6E}"
EndProject
Global
	GlobalSection(SolutionConfigurationPlatforms) = preSolution
		Debug|Any CPU = Debug|Any CPU
		Release|Any CPU = Release|Any CPU
	EndGlobalSection
	GlobalSection(ProjectConfigurationPlatforms) = postSolution
		{3173A6F9-1092-41AE-B9AB-C7902F1DF23D}.Debug|Any CPU.ActiveCfg = Debug|Any CPU
		{3173A6F9-1092-41AE-B9AB-C7902F1DF23D}.Debug|Any CPU.Build.0 = Debug|Any CPU
		{3173A6F9-1092-41AE-B9AB-C7902F1DF23D}.Release|Any CPU.ActiveCfg = Release|Any CPU
		{3173A6F9-1092-41AE-B9AB-C7902F1DF23D}.Release|Any CPU.Build.0 = Release|Any CPU
		{6EBAD3DD-C0ED-4312-B5EB-E29E19796E6E}.Debug|Any CPU.ActiveCfg = Debug|Any CPU
		{6EBAD3DD-C0ED-4312-B5EB-E29E19796E6E}.Debug|Any CPU.Build.0 = Debug|Any CPU
		{6EBAD3DD-C0ED-4312-B5EB-E29E19796E6E}.Release|Any CPU.ActiveCfg = Release|Any CPU
		{6EBAD3DD-C0ED-4312-B5EB-E29E19796E6E}.Release|Any CPU.Build.0 = Release|Any CPU
	EndGlobalSection
	GlobalSection(SolutionProperties) = preSolution
		HideSolutionNode = FALSE
	EndGlobalSection
	GlobalSection(ExtensibilityGlobals) = postSolution
		SolutionGuid = {277D706D-154A-4ABB-A145-D0A9944BF88B}
	EndGlobalSection
EndGlobal
