
Microsoft Visual Studio Solution File, Format Version 12.00
# Visual Studio Version 17
VisualStudioVersion = 17.10.34928.147
MinimumVisualStudioVersion = 10.0.40219.1
Project("{9A19103F-16F7-4668-BE54-9A1E7A4F7556}") = "EX1", "EX1\EX1.csproj", "{2F9E8AF9-E923-48F8-8B90-C9E97BAF35B9}"
EndProject
Project("{FAE04EC0-301F-11D3-BF4B-00C04F79EFBC}") = "EX2", "EX2\EX2.csproj", "{8146FFCB-7080-4718-AE00-2D689EF438C7}"
EndProject
Global
	GlobalSection(SolutionConfigurationPlatforms) = preSolution
		Debug|Any CPU = Debug|Any CPU
		Release|Any CPU = Release|Any CPU
	EndGlobalSection
	GlobalSection(ProjectConfigurationPlatforms) = postSolution
		{2F9E8AF9-E923-48F8-8B90-C9E97BAF35B9}.Debug|Any CPU.ActiveCfg = Debug|Any CPU
		{2F9E8AF9-E923-48F8-8B90-C9E97BAF35B9}.Debug|Any CPU.Build.0 = Debug|Any CPU
		{2F9E8AF9-E923-48F8-8B90-C9E97BAF35B9}.Release|Any CPU.ActiveCfg = Release|Any CPU
		{2F9E8AF9-E923-48F8-8B90-C9E97BAF35B9}.Release|Any CPU.Build.0 = Release|Any CPU
		{8146FFCB-7080-4718-AE00-2D689EF438C7}.Debug|Any CPU.ActiveCfg = Debug|Any CPU
		{8146FFCB-7080-4718-AE00-2D689EF438C7}.Debug|Any CPU.Build.0 = Debug|Any CPU
		{8146FFCB-7080-4718-AE00-2D689EF438C7}.Release|Any CPU.ActiveCfg = Release|Any CPU
		{8146FFCB-7080-4718-AE00-2D689EF438C7}.Release|Any CPU.Build.0 = Release|Any CPU
	EndGlobalSection
	GlobalSection(SolutionProperties) = preSolution
		HideSolutionNode = FALSE
	EndGlobalSection
	GlobalSection(ExtensibilityGlobals) = postSolution
		SolutionGuid = {78947F09-9CDA-40A7-91A3-12FFD3C8819D}
	EndGlobalSection
EndGlobal
